<?xml version="1.0" encoding="UTF-8" standalone="yes" ?>
<CodeBlocks_project_file>
	<FileVersion major="1" minor="6" />
	<Project>
		<Option title="Typing Master" />
		<Option pch_mode="2" />
		<Option compiler="gcc" />
		<Build>
			<Target title="Debug">
				<Option output="bin/Debug/Typing Master" prefix_auto="1" extension_auto="1" />
				<Option object_output="obj/Debug/" />
				<Option type="1" />
				<Option compiler="gcc" />
				<Compiler>
					<Add option="-g" />
				</Compiler>
			</Target>
			<Target title="Release">
				<Option output="bin/Release/Typing Master" prefix_auto="1" extension_auto="1" />
				<Option object_output="obj/Release/" />
				<Option type="1" />
				<Option compiler="gcc" />
				<Compiler>
					<Add option="-O2" />
				</Compiler>
				<Linker>
					<Add option="-s" />
				</Linker>
			</Target>
		</Build>
		<Compiler>
			<Add option="-Wall" />
			<Add option="-fexceptions" />
		</Compiler>
		<Unit filename="FastTyperGame.cpp" />
		<Unit filename="FastTyperGame.h" />
		<Unit filename="FocusOnTheHomeRow.cpp" />
		<Unit filename="FocusOnTheHomeRow.h" />
		<Unit filename="LoginSystem.cpp" />
		<Unit filename="LoginSystem.h" />
		<Unit filename="PerformanceHistory.cpp" />
		<Unit filename="PerformanceHistory.h">
			<Option target="&lt;{~None~}&gt;" />
		</Unit>
		<Unit filename="StartMenu.cpp" />
		<Unit filename="StartMenu.h" />
		<Unit filename="TypingTutorial.cpp" />
		<Unit filename="TypingTutorial.h" />
		<Unit filename="commonWords.cpp" />
		<Unit filename="commonWords.h" />
		<Unit filename="dataset.cpp" />
		<Unit filename="dataset.h" />
		<Unit filename="indexFingerKeys.cpp" />
		<Unit filename="indexFingerKeys.h" />
		<Unit filename="littleFingerKeys.cpp" />
		<Unit filename="littleFingerKeys.h" />
		<Unit filename="main.cpp" />
		<Unit filename="middleFingerKeys.cpp" />
		<Unit filename="middleFingerKeys.h" />
		<Unit filename="ringFingerKeys.cpp" />
		<Unit filename="ringFingerKeys.h" />
		<Unit filename="set_Cursor.cpp" />
		<Unit filename="set_cursor.h" />
		<Extensions>
			<lib_finder disable_auto="1" />
		</Extensions>
	</Project>
</CodeBlocks_project_file>
